// !$*UTF8*$!
{
	archiveVersion = 1;
	classes = {
	};
	objectVersion = 56;
	objects = {

/* Begin PBXBuildFile section */
		1577463ABFB486BCF35BBE2D /* SettingsManager.swift in Sources */ = {isa = PBXBuildFile; fileRef = BAA04920B6615C1AA0A39D8B /* SettingsManager.swift */; };
		D393283CB254474BA996CACE /* SettingsView.swift in Sources */ = {isa = PBXBuildFile; fileRef = 3741E1D8C0874043A9B52491 /* SettingsView.swift */; };
		'A10001AA' = {isa = PBXBuildFile; fileRef = A10001A0; };
		'A10001AB' = {isa = PBXBuildFile; fileRef = A10001A1; };
		'A10001AC' = {isa = PBXBuildFile; fileRef = A10001A2; };
		'A10001AD' = {isa = PBXBuildFile; fileRef = A10001A3; };
		'A10001AE' = {isa = PBXBuildFile; fileRef = A10001A4; };
		'A10001AF' = {isa = PBXBuildFile; fileRef = A10001A5; };
		'A10001B0' = {isa = PBXBuildFile; fileRef = A10001A6; };
		'A10001B2' = {isa = PBXBuildFile; fileRef = A10001A8; };
		'A10001B5' = {isa = PBXBuildFile; fileRef = A10001B4; };
		'A10001C0' = {isa = PBXBuildFile; fileRef = A10001B8; };
		'A10001C1' = {isa = PBXBuildFile; fileRef = A10001B9; };
		'A10001C2' = {isa = PBXBuildFile; fileRef = A10001BA; };
		'A10001C3' = {isa = PBXBuildFile; fileRef = A10001BB; };
		'A10001C4' = {isa = PBXBuildFile; fileRef = A10001BC; };
		'A10001C5' = {isa = PBXBuildFile; fileRef = A10001BD; };
		'A10001C6' = {isa = PBXBuildFile; fileRef = A10001BE; };
		'A10001C7' = {isa = PBXBuildFile; fileRef = A10001BF; };
		'A10001D5' = {isa = PBXBuildFile; fileRef = A10001D8; };
		'A10001D6' = {isa = PBXBuildFile; fileRef = A10001D9; };
		'A10001D7' = {isa = PBXBuildFile; fileRef = A10001DA; };
		'A10001E0' = {isa = PBXBuildFile; fileRef = A10001E3; };
		'A10001E1' = {isa = PBXBuildFile; fileRef = A10001E4; };
		'A10001E2' = {isa = PBXBuildFile; fileRef = A10001E5; };
		'A10001E6' = {isa = PBXBuildFile; fileRef = A10001E7; };
		'A10001E8' = {isa = PBXBuildFile; fileRef = A10001E9; };
		'A10001F0' = {isa = PBXBuildFile; fileRef = A10001F1; };
		'A10001F2' = {isa = PBXBuildFile; fileRef = A10001F3; };
		'A10001F6' = {isa = PBXBuildFile; fileRef = A10001F7; };
		'A10001FA' = {isa = PBXBuildFile; fileRef = A10001FB; };
/* End PBXBuildFile section */

/* Begin PBXFileReference section */
		'A1000190' = {isa = PBXFileReference; explicitFileType = wrapper.application; includeInIndex = 0; path = TrapjawApp.app; sourceTree = BUILT_PRODUCTS_DIR; };
		'A10001A0' = {isa = PBXFileReference; lastKnownFileType = sourcecode.swift; path = TrapjawApp.swift; sourceTree = "<group>"; };
		'A10001A1' = {isa = PBXFileReference; lastKnownFileType = sourcecode.swift; path = ContentView.swift; sourceTree = "<group>"; };
		'A10001A2' = {isa = PBXFileReference; lastKnownFileType = sourcecode.swift; path = CameraManager.swift; sourceTree = "<group>"; };
		'A10001A3' = {isa = PBXFileReference; lastKnownFileType = sourcecode.swift; path = CameraPreviewView.swift; sourceTree = "<group>"; };
		'A10001A4' = {isa = PBXFileReference; lastKnownFileType = sourcecode.swift; path = TrapjawBridge.swift; sourceTree = "<group>"; };
		'A10001A5' = {isa = PBXFileReference; lastKnownFileType = sourcecode.swift; path = TrapjawProcessor.swift; sourceTree = "<group>"; };
		'A10001A6' = {isa = PBXFileReference; lastKnownFileType = sourcecode.swift; path = PerformanceMetrics.swift; sourceTree = "<group>"; };
		'A10001A8' = {isa = PBXFileReference; lastKnownFileType = folder.assetcatalog; path = Assets.xcassets; sourceTree = "<group>"; };
		'A10001A9' = {isa = PBXFileReference; lastKnownFileType = text.plist.xml; path = Info.plist; sourceTree = "<group>"; };
		'A10001B3' = {isa = PBXFileReference; lastKnownFileType = sourcecode.c.h; path = "TrapjawApp-Bridging-Header.h"; sourceTree = "<group>"; };
		'A10001B4' = {isa = PBXFileReference; lastKnownFileType = file.storyboard; path = LaunchScreen.storyboard; sourceTree = "<group>"; };
		'A10001B8' = {isa = PBXFileReference; lastKnownFileType = wrapper.framework; name = Metal.framework; path = System/Library/Frameworks/Metal.framework; sourceTree = SDKROOT; };
		'A10001B9' = {isa = PBXFileReference; lastKnownFileType = wrapper.framework; name = AVFoundation.framework; path = System/Library/Frameworks/AVFoundation.framework; sourceTree = SDKROOT; };
		'A10001BA' = {isa = PBXFileReference; lastKnownFileType = wrapper.framework; name = CoreVideo.framework; path = System/Library/Frameworks/CoreVideo.framework; sourceTree = SDKROOT; };
		'A10001BB' = {isa = PBXFileReference; lastKnownFileType = wrapper.framework; name = CoreMedia.framework; path = System/Library/Frameworks/CoreMedia.framework; sourceTree = SDKROOT; };
		'A10001BC' = {isa = PBXFileReference; lastKnownFileType = wrapper.framework; name = Foundation.framework; path = System/Library/Frameworks/Foundation.framework; sourceTree = SDKROOT; };
		'A10001BD' = {isa = PBXFileReference; lastKnownFileType = wrapper.framework; name = QuartzCore.framework; path = System/Library/Frameworks/QuartzCore.framework; sourceTree = SDKROOT; };
		'A10001BE' = {isa = PBXFileReference; lastKnownFileType = archive.ar; name = libtrapjaw.a; path = lib/iphoneos/libtrapjaw.a; sourceTree = SOURCE_ROOT; };
		'A10001BF' = {isa = PBXFileReference; lastKnownFileType = "archive.metal-library"; name = trapjaw.metallib; path = lib/trapjaw.metallib; sourceTree = SOURCE_ROOT; };
		'A10001D8' = {isa = PBXFileReference; lastKnownFileType = sourcecode.swift; path = TrackNode.swift; sourceTree = "<group>"; };
		'A10001D9' = {isa = PBXFileReference; lastKnownFileType = sourcecode.swift; path = StreamResolution.swift; sourceTree = "<group>"; };
		'A10001DA' = {isa = PBXFileReference; lastKnownFileType = sourcecode.swift; path = InsectTelemetryPayload.swift; sourceTree = "<group>"; };
		'A10001E3' = {isa = PBXFileReference; lastKnownFileType = sourcecode.swift; path = TrackBuffer.swift; sourceTree = "<group>"; };
		'A10001E4' = {isa = PBXFileReference; lastKnownFileType = sourcecode.swift; path = NetworkConfig.swift; sourceTree = "<group>"; };
		'A10001E5' = {isa = PBXFileReference; lastKnownFileType = sourcecode.swift; path = DataStreamer.swift; sourceTree = "<group>"; };
		'A10001E7' = {isa = PBXFileReference; lastKnownFileType = sourcecode.swift; path = HTTPUploader.swift; sourceTree = "<group>"; };
		'A10001E9' = {isa = PBXFileReference; lastKnownFileType = sourcecode.swift; path = TimeWindowManager.swift; sourceTree = "<group>"; };
		'A10001F1' = {isa = PBXFileReference; lastKnownFileType = sourcecode.swift; path = FourKFrameBuffer.swift; sourceTree = "<group>"; };
		'A10001F3' = {isa = PBXFileReference; lastKnownFileType = sourcecode.swift; path = MetalDownscaler.swift; sourceTree = "<group>"; };
		'A10001F7' = {isa = PBXFileReference; lastKnownFileType = sourcecode.swift; path = TimingMetrics.swift; sourceTree = "<group>"; };
		'A10001FB' = {isa = PBXFileReference; lastKnownFileType = sourcecode.swift; path = CoolDownManager.swift; sourceTree = "<group>"; };
		BAA04920B6615C1AA0A39D8B /* SettingsManager.swift */ = {isa = PBXFileReference; lastKnownFileType = sourcecode.swift; name = SettingsManager.swift; path = TrapjawApp/Settings/SettingsManager.swift; sourceTree = SOURCE_ROOT; };
		3741E1D8C0874043A9B52491 /* SettingsView.swift */ = {isa = PBXFileReference; lastKnownFileType = sourcecode.swift; name = SettingsView.swift; path = TrapjawApp/Settings/SettingsView.swift; sourceTree = SOURCE_ROOT; };
/* End PBXFileReference section */

/* Begin PBXFrameworksBuildPhase section */
		'A100018D' = {
			isa = PBXFrameworksBuildPhase;
			buildActionMask = 2147483647;
			files = (
				A10001C0,
				A10001C1,
				A10001C2,
				A10001C3,
				A10001C4,
				A10001C5,
				A10001C6,
			);
			runOnlyForDeploymentPostprocessing = 0;
		};
/* End PBXFrameworksBuildPhase section */

/* Begin PBXGroup section */
		'A1000187' = {
			isa = PBXGroup;
			children = (
				A1000192,
				A1000191,
				A10001B7,
				BAA04920B6615C1AA0A39D8B /* SettingsManager.swift */,
				3741E1D8C0874043A9B52491 /* SettingsView.swift */,
			);
			sourceTree = "<group>";
		};
		'A1000191' = {
			isa = PBXGroup;
			children = (
				A1000190,
			);
			name = Products;
			sourceTree = "<group>";
		};
		'A1000192' = {
			isa = PBXGroup;
			children = (
				A10001A0,
				A10001A1,
				A10001B4,
				A10001A9,
				A10001A8,
				A1000193,
				A1000194,
				A1000195,
				A1000197,
				A1000196,
			);
			path = TrapjawApp;
			sourceTree = "<group>";
		};
		'A1000193' = {
			isa = PBXGroup;
			children = (
				A10001A2,
				A10001A3,
			);
			path = Camera;
			sourceTree = "<group>";
		};
		'A1000194' = {
			isa = PBXGroup;
			children = (
				A10001A4,
				A10001A5,
				A10001A6,
				A10001E3,
				A10001E9,
				A10001F1,
				A10001F3,
				A10001F7,
				A10001FB,
			);
			path = Processing;
			sourceTree = "<group>";
		};
		'A1000195' = {
			isa = PBXGroup;
			children = (
				A10001E4,
				A10001E5,
				A10001E7,
			);
			path = Networking;
			sourceTree = "<group>";
		};
		'A1000196' = {
			isa = PBXGroup;
			children = (
				A10001B3,
			);
			path = Bridge;
			sourceTree = "<group>";
		};
		'A1000197' = {
			isa = PBXGroup;
			children = (
				A10001D8,
				A10001D9,
				A10001DA,
			);
			path = Models;
			sourceTree = "<group>";
		};
		'A10001B7' = {
			isa = PBXGroup;
			children = (
				A10001B8,
				A10001B9,
				A10001BA,
				A10001BB,
				A10001BC,
				A10001BD,
				A10001BE,
				A10001BF,
			);
			name = Frameworks;
			sourceTree = "<group>";
		};
/* End PBXGroup section */

/* Begin PBXNativeTarget section */
		'A100018F' = {
			isa = PBXNativeTarget;
			buildConfigurationList = A10001D2;
			buildPhases = (
				A100018C,
				A100018D,
				A100018E,
			);
			buildRules = (
			);
			dependencies = (
			);
			name = TrapjawApp;
			productName = TrapjawApp;
			productReference = A1000190;
			productType = "com.apple.product-type.application";
		};
/* End PBXNativeTarget section */

/* Begin PBXProject section */
		'A1000188' = {
			isa = PBXProject;
			attributes = {
				BuildIndependentTargetsInParallel = 1;
				LastSwiftUpdateCheck = 1520;
				LastUpgradeCheck = 1520;
				TargetAttributes = {
					A100018F = {
						CreatedOnToolsVersion = 15.2;
					};
				};
			};
			buildConfigurationList = A100018B;
			compatibilityVersion = "Xcode 14.0";
			developmentRegion = en;
			hasScannedForEncodings = 0;
			knownRegions = (
				en,
				Base,
			);
			mainGroup = A1000187;
			productRefGroup = A1000191;
			projectDirPath = "";
			projectRoot = "";
			targets = (
				A100018F,
			);
		};
/* End PBXProject section */

/* Begin PBXResourcesBuildPhase section */
		'A100018E' = {
			isa = PBXResourcesBuildPhase;
			buildActionMask = 2147483647;
			files = (
				A10001B5,
				A10001B2,
				A10001C7,
			);
			runOnlyForDeploymentPostprocessing = 0;
		};
/* End PBXResourcesBuildPhase section */

/* Begin PBXSourcesBuildPhase section */
		'A100018C' = {
			isa = PBXSourcesBuildPhase;
			buildActionMask = 2147483647;
			files = (
				A10001AA,
				A10001AB,
				A10001AC,
				A10001AD,
				A10001AE,
				A10001AF,
				A10001B0,
				A10001D5,
				A10001D6,
				A10001D7,
				A10001E0,
				A10001E1,
				A10001E2,
				A10001E6,
				A10001E8,
				A10001F0,
				A10001F2,
				A10001F6,
				A10001FA,
				1577463ABFB486BCF35BBE2D /* SettingsManager.swift in Sources */,
				D393283CB254474BA996CACE /* SettingsView.swift in Sources */,
			);
			runOnlyForDeploymentPostprocessing = 0;
		};
/* End PBXSourcesBuildPhase section */

/* Begin XCBuildConfiguration section */
		'A10001D0' = {
			isa = XCBuildConfiguration;
			buildSettings = {
				ALWAYS_SEARCH_USER_PATHS = NO;
				ASSETCATALOG_COMPILER_GENERATE_SWIFT_ASSET_SYMBOL_EXTENSIONS = YES;
				CLANG_ANALYZER_NONNULL = YES;
				CLANG_ANALYZER_NUMBER_OBJECT_CONVERSION = YES_AGGRESSIVE;
				CLANG_CXX_LANGUAGE_STANDARD = "gnu++20";
				CLANG_ENABLE_MODULES = YES;
				CLANG_ENABLE_OBJC_ARC = YES;
				CLANG_ENABLE_OBJC_WEAK = YES;
				CLANG_WARN_BLOCK_CAPTURE_AUTORELEASING = YES;
				CLANG_WARN_BOOL_CONVERSION = YES;
				CLANG_WARN_COMMA = YES;
				CLANG_WARN_CONSTANT_CONVERSION = YES;
				CLANG_WARN_DEPRECATED_OBJC_IMPLEMENTATIONS = YES;
				CLANG_WARN_DIRECT_OBJC_ISA_USAGE = YES_ERROR;
				CLANG_WARN_DOCUMENTATION_COMMENTS = YES;
				CLANG_WARN_EMPTY_BODY = YES;
				CLANG_WARN_ENUM_CONVERSION = YES;
				CLANG_WARN_INFINITE_RECURSION = YES;
				CLANG_WARN_INT_CONVERSION = YES;
				CLANG_WARN_NON_LITERAL_NULL_CONVERSION = YES;
				CLANG_WARN_OBJC_IMPLICIT_RETAIN_SELF = YES;
				CLANG_WARN_OBJC_LITERAL_CONVERSION = YES;
				CLANG_WARN_OBJC_ROOT_CLASS = YES_ERROR;
				CLANG_WARN_QUOTED_INCLUDE_IN_FRAMEWORK_HEADER = YES;
				CLANG_WARN_RANGE_LOOP_ANALYSIS = YES;
				CLANG_WARN_STRICT_PROTOTYPES = YES;
				CLANG_WARN_SUSPICIOUS_MOVE = YES;
				CLANG_WARN_UNGUARDED_AVAILABILITY = YES_AGGRESSIVE;
				CLANG_WARN_UNREACHABLE_CODE = YES;
				CLANG_WARN__DUPLICATE_METHOD_MATCH = YES;
				COPY_PHASE_STRIP = NO;
				DEBUG_INFORMATION_FORMAT = dwarf;
				ENABLE_STRICT_OBJC_MSGSEND = YES;
				ENABLE_TESTABILITY = YES;
				ENABLE_USER_SCRIPT_SANDBOXING = YES;
				GCC_C_LANGUAGE_STANDARD = c11;
				GCC_DYNAMIC_NO_PIC = NO;
				GCC_NO_COMMON_BLOCKS = YES;
				GCC_OPTIMIZATION_LEVEL = 0;
				GCC_PREPROCESSOR_DEFINITIONS = (
					"DEBUG=1",
					"$(inherited)",
				);
				GCC_WARN_64_TO_32_BIT_CONVERSION = YES;
				GCC_WARN_ABOUT_RETURN_TYPE = YES_ERROR;
				GCC_WARN_UNDECLARED_SELECTOR = YES;
				GCC_WARN_UNINITIALIZED_AUTOS = YES_AGGRESSIVE;
				GCC_WARN_UNUSED_FUNCTION = YES;
				GCC_WARN_UNUSED_VARIABLE = YES;
				IPHONEOS_DEPLOYMENT_TARGET = 18.0;
				MTL_ENABLE_DEBUG_INFO = INCLUDE_SOURCE;
				MTL_FAST_MATH = YES;
				ONLY_ACTIVE_ARCH = YES;
				SDKROOT = iphoneos;
				SWIFT_ACTIVE_COMPILATION_CONDITIONS = "DEBUG $(inherited)";
				SWIFT_OPTIMIZATION_LEVEL = "-Onone";
			};
			name = Debug;
		};
		'A10001D1' = {
			isa = XCBuildConfiguration;
			buildSettings = {
				ALWAYS_SEARCH_USER_PATHS = NO;
				ASSETCATALOG_COMPILER_GENERATE_SWIFT_ASSET_SYMBOL_EXTENSIONS = YES;
				CLANG_ANALYZER_NONNULL = YES;
				CLANG_ANALYZER_NUMBER_OBJECT_CONVERSION = YES_AGGRESSIVE;
				CLANG_CXX_LANGUAGE_STANDARD = "gnu++20";
				CLANG_ENABLE_MODULES = YES;
				CLANG_ENABLE_OBJC_ARC = YES;
				CLANG_ENABLE_OBJC_WEAK = YES;
				CLANG_WARN_BLOCK_CAPTURE_AUTORELEASING = YES;
				CLANG_WARN_BOOL_CONVERSION = YES;
				CLANG_WARN_COMMA = YES;
				CLANG_WARN_CONSTANT_CONVERSION = YES;
				CLANG_WARN_DEPRECATED_OBJC_IMPLEMENTATIONS = YES;
				CLANG_WARN_DIRECT_OBJC_ISA_USAGE = YES_ERROR;
				CLANG_WARN_DOCUMENTATION_COMMENTS = YES;
				CLANG_WARN_EMPTY_BODY = YES;
				CLANG_WARN_ENUM_CONVERSION = YES;
				CLANG_WARN_INFINITE_RECURSION = YES;
				CLANG_WARN_INT_CONVERSION = YES;
				CLANG_WARN_NON_LITERAL_NULL_CONVERSION = YES;
				CLANG_WARN_OBJC_IMPLICIT_RETAIN_SELF = YES;
				CLANG_WARN_OBJC_LITERAL_CONVERSION = YES;
				CLANG_WARN_OBJC_ROOT_CLASS = YES_ERROR;
				CLANG_WARN_QUOTED_INCLUDE_IN_FRAMEWORK_HEADER = YES;
				CLANG_WARN_RANGE_LOOP_ANALYSIS = YES;
				CLANG_WARN_STRICT_PROTOTYPES = YES;
				CLANG_WARN_SUSPICIOUS_MOVE = YES;
				CLANG_WARN_UNGUARDED_AVAILABILITY = YES_AGGRESSIVE;
				CLANG_WARN_UNREACHABLE_CODE = YES;
				CLANG_WARN__DUPLICATE_METHOD_MATCH = YES;
				COPY_PHASE_STRIP = NO;
				DEBUG_INFORMATION_FORMAT = "dwarf-with-dsym";
				ENABLE_NS_ASSERTIONS = NO;
				ENABLE_STRICT_OBJC_MSGSEND = YES;
				ENABLE_USER_SCRIPT_SANDBOXING = YES;
				GCC_C_LANGUAGE_STANDARD = c11;
				GCC_NO_COMMON_BLOCKS = YES;
				GCC_WARN_64_TO_32_BIT_CONVERSION = YES;
				GCC_WARN_ABOUT_RETURN_TYPE = YES_ERROR;
				GCC_WARN_UNDECLARED_SELECTOR = YES;
				GCC_WARN_UNINITIALIZED_AUTOS = YES_AGGRESSIVE;
				GCC_WARN_UNUSED_FUNCTION = YES;
				GCC_WARN_UNUSED_VARIABLE = YES;
				IPHONEOS_DEPLOYMENT_TARGET = 18.0;
				MTL_ENABLE_DEBUG_INFO = NO;
				MTL_FAST_MATH = YES;
				SDKROOT = iphoneos;
				SWIFT_COMPILATION_MODE = wholemodule;
				VALIDATE_PRODUCT = YES;
			};
			name = Release;
		};
		'A10001D3' = {
			isa = XCBuildConfiguration;
			buildSettings = {
				ASSETCATALOG_COMPILER_APPICON_NAME = AppIcon;
				ASSETCATALOG_COMPILER_GLOBAL_ACCENT_COLOR_NAME = AccentColor;
				CODE_SIGN_IDENTITY = "Apple Development";
				CODE_SIGN_STYLE = Automatic;
				CURRENT_PROJECT_VERSION = 1;
				DEVELOPMENT_TEAM = A35W4MM59Y;
				GENERATE_INFOPLIST_FILE = NO;
				HEADER_SEARCH_PATHS = "$(SRCROOT)/trapjaw/include";
				INFOPLIST_FILE = TrapjawApp/Info.plist;
				INFOPLIST_KEY_UIApplicationSceneManifest_Generation = YES;
				INFOPLIST_KEY_UIApplicationSupportsIndirectInputEvents = YES;
				INFOPLIST_KEY_UISupportedInterfaceOrientations_iPad = "UIInterfaceOrientationPortrait UIInterfaceOrientationPortraitUpsideDown UIInterfaceOrientationLandscapeLeft UIInterfaceOrientationLandscapeRight";
				INFOPLIST_KEY_UISupportedInterfaceOrientations_iPhone = "UIInterfaceOrientationPortrait UIInterfaceOrientationLandscapeLeft UIInterfaceOrientationLandscapeRight";
				LD_RUNPATH_SEARCH_PATHS = (
					"$(inherited)",
					"@executable_path/Frameworks",
				);
				LIBRARY_SEARCH_PATHS = "$(SRCROOT)/lib/iphoneos";
				MARKETING_VERSION = 1.0;
				PRODUCT_BUNDLE_IDENTIFIER = edu.mit.dot;
				PRODUCT_NAME = "$(TARGET_NAME)";
				PROVISIONING_PROFILE_SPECIFIER = "";
				SUPPORTED_PLATFORMS = "iphoneos iphonesimulator";
				SUPPORTS_MACCATALYST = NO;
				SWIFT_EMIT_LOC_STRINGS = YES;
				SWIFT_OBJC_BRIDGING_HEADER = "TrapjawApp/Bridge/TrapjawApp-Bridging-Header.h";
				SWIFT_VERSION = 5.0;
				TARGETED_DEVICE_FAMILY = 1;
			};
			name = Debug;
		};
		'A10001D4' = {
			isa = XCBuildConfiguration;
			buildSettings = {
				ASSETCATALOG_COMPILER_APPICON_NAME = AppIcon;
				ASSETCATALOG_COMPILER_GLOBAL_ACCENT_COLOR_NAME = AccentColor;
				CODE_SIGN_IDENTITY = "Apple Development";
				CODE_SIGN_STYLE = Automatic;
				CURRENT_PROJECT_VERSION = 1;
				DEVELOPMENT_TEAM = A35W4MM59Y;
				GENERATE_INFOPLIST_FILE = NO;
				HEADER_SEARCH_PATHS = "$(SRCROOT)/trapjaw/include";
				INFOPLIST_FILE = TrapjawApp/Info.plist;
				INFOPLIST_KEY_UIApplicationSceneManifest_Generation = YES;
				INFOPLIST_KEY_UIApplicationSupportsIndirectInputEvents = YES;
				INFOPLIST_KEY_UISupportedInterfaceOrientations_iPad = "UIInterfaceOrientationPortrait UIInterfaceOrientationPortraitUpsideDown UIInterfaceOrientationLandscapeLeft UIInterfaceOrientationLandscapeRight";
				INFOPLIST_KEY_UISupportedInterfaceOrientations_iPhone = "UIInterfaceOrientationPortrait UIInterfaceOrientationLandscapeLeft UIInterfaceOrientationLandscapeRight";
				LD_RUNPATH_SEARCH_PATHS = (
					"$(inherited)",
					"@executable_path/Frameworks",
				);
				LIBRARY_SEARCH_PATHS = "$(SRCROOT)/lib/iphoneos";
				MARKETING_VERSION = 1.0;
				PRODUCT_BUNDLE_IDENTIFIER = edu.mit.dot;
				PRODUCT_NAME = "$(TARGET_NAME)";
				PROVISIONING_PROFILE_SPECIFIER = "";
				SUPPORTED_PLATFORMS = "iphoneos iphonesimulator";
				SUPPORTS_MACCATALYST = NO;
				SWIFT_EMIT_LOC_STRINGS = YES;
				SWIFT_OBJC_BRIDGING_HEADER = "TrapjawApp/Bridge/TrapjawApp-Bridging-Header.h";
				SWIFT_VERSION = 5.0;
				TARGETED_DEVICE_FAMILY = 1;
			};
			name = Release;
		};
/* End XCBuildConfiguration section */

/* Begin XCConfigurationList section */
		'A100018B' = {
			isa = XCConfigurationList;
			buildConfigurations = (
				A10001D0,
				A10001D1,
			);
			defaultConfigurationIsVisible = 0;
			defaultConfigurationName = Release;
		};
		'A10001D2' = {
			isa = XCConfigurationList;
			buildConfigurations = (
				A10001D3,
				A10001D4,
			);
			defaultConfigurationIsVisible = 0;
			defaultConfigurationName = Release;
		};
/* End XCConfigurationList section */
	};
	rootObject = A1000188;
}
