// !$*UTF8*$!
{
	archiveVersion = 1;
	classes = {
	};
	objectVersion = 56;
	objects = {

/* Begin PBXBuildFile section */
		A10001AA /* TrapjawApp.swift in Sources */ = {isa = PBXBuildFile; fileRef = A10001A0 /* TrapjawApp.swift */; };
		A10001AB /* ContentView.swift in Sources */ = {isa = PBXBuildFile; fileRef = A10001A1 /* ContentView.swift */; };
		A10001AC /* CameraManager.swift in Sources */ = {isa = PBXBuildFile; fileRef = A10001A2 /* CameraManager.swift */; };
		A10001AD /* CameraPreviewView.swift in Sources */ = {isa = PBXBuildFile; fileRef = A10001A3 /* CameraPreviewView.swift */; };
		A10001AE /* TrapjawBridge.swift in Sources */ = {isa = PBXBuildFile; fileRef = A10001A4 /* TrapjawBridge.swift */; };
		A10001AF /* TrapjawProcessor.swift in Sources */ = {isa = PBXBuildFile; fileRef = A10001A5 /* TrapjawProcessor.swift */; };
		A10001B0 /* PerformanceMetrics.swift in Sources */ = {isa = PBXBuildFile; fileRef = A10001A6 /* PerformanceMetrics.swift */; };
		A10001B2 /* Assets.xcassets in Resources */ = {isa = PBXBuildFile; fileRef = A10001A8 /* Assets.xcassets */; };
		A10001C0 /* Metal.framework in Frameworks */ = {isa = PBXBuildFile; fileRef = A10001B8 /* Metal.framework */; };
		A10001C1 /* AVFoundation.framework in Frameworks */ = {isa = PBXBuildFile; fileRef = A10001B9 /* AVFoundation.framework */; };
		A10001C2 /* CoreVideo.framework in Frameworks */ = {isa = PBXBuildFile; fileRef = A10001BA /* CoreVideo.framework */; };
		A10001C3 /* CoreMedia.framework in Frameworks */ = {isa = PBXBuildFile; fileRef = A10001BB /* CoreMedia.framework */; };
		A10001C4 /* Foundation.framework in Frameworks */ = {isa = PBXBuildFile; fileRef = A10001BC /* Foundation.framework */; };
		A10001C5 /* QuartzCore.framework in Frameworks */ = {isa = PBXBuildFile; fileRef = A10001BD /* QuartzCore.framework */; };
		A10001C6 /* libtrapjaw.a in Frameworks */ = {isa = PBXBuildFile; fileRef = A10001BE /* libtrapjaw.a */; };
		A10001C7 /* trapjaw.metallib in Resources */ = {isa = PBXBuildFile; fileRef = A10001BF /* trapjaw.metallib */; };
		A10001D5 /* TrackNode.swift in Sources */ = {isa = PBXBuildFile; fileRef = A10001D8 /* TrackNode.swift */; };
		A10001D6 /* StreamResolution.swift in Sources */ = {isa = PBXBuildFile; fileRef = A10001D9 /* StreamResolution.swift */; };
		A10001D7 /* InsectTelemetryPayload.swift in Sources */ = {isa = PBXBuildFile; fileRef = A10001DA /* InsectTelemetryPayload.swift */; };
		A10001E0 /* TrackBuffer.swift in Sources */ = {isa = PBXBuildFile; fileRef = A10001E3 /* TrackBuffer.swift */; };
		A10001E1 /* NetworkConfig.swift in Sources */ = {isa = PBXBuildFile; fileRef = A10001E4 /* NetworkConfig.swift */; };
		A10001E2 /* DataStreamer.swift in Sources */ = {isa = PBXBuildFile; fileRef = A10001E5 /* DataStreamer.swift */; };
		A10001E6 /* HTTPUploader.swift in Sources */ = {isa = PBXBuildFile; fileRef = A10001E7 /* HTTPUploader.swift */; };
/* End PBXBuildFile section */

/* Begin PBXFileReference section */
		A1000190 /* TrapjawApp.app */ = {isa = PBXFileReference; explicitFileType = wrapper.application; includeInIndex = 0; path = TrapjawApp.app; sourceTree = BUILT_PRODUCTS_DIR; };
		A10001A0 /* TrapjawApp.swift */ = {isa = PBXFileReference; lastKnownFileType = sourcecode.swift; path = TrapjawApp.swift; sourceTree = "<group>"; };
		A10001A1 /* ContentView.swift */ = {isa = PBXFileReference; lastKnownFileType = sourcecode.swift; path = ContentView.swift; sourceTree = "<group>"; };
		A10001A2 /* CameraManager.swift */ = {isa = PBXFileReference; lastKnownFileType = sourcecode.swift; path = CameraManager.swift; sourceTree = "<group>"; };
		A10001A3 /* CameraPreviewView.swift */ = {isa = PBXFileReference; lastKnownFileType = sourcecode.swift; path = CameraPreviewView.swift; sourceTree = "<group>"; };
		A10001A4 /* TrapjawBridge.swift */ = {isa = PBXFileReference; lastKnownFileType = sourcecode.swift; path = TrapjawBridge.swift; sourceTree = "<group>"; };
		A10001A5 /* TrapjawProcessor.swift */ = {isa = PBXFileReference; lastKnownFileType = sourcecode.swift; path = TrapjawProcessor.swift; sourceTree = "<group>"; };
		A10001A6 /* PerformanceMetrics.swift */ = {isa = PBXFileReference; lastKnownFileType = sourcecode.swift; path = PerformanceMetrics.swift; sourceTree = "<group>"; };
		A10001A8 /* Assets.xcassets */ = {isa = PBXFileReference; lastKnownFileType = folder.assetcatalog; path = Assets.xcassets; sourceTree = "<group>"; };
		A10001A9 /* Info.plist */ = {isa = PBXFileReference; lastKnownFileType = text.plist.xml; path = Info.plist; sourceTree = "<group>"; };
		A10001B3 /* TrapjawApp-Bridging-Header.h */ = {isa = PBXFileReference; lastKnownFileType = sourcecode.c.h; path = "TrapjawApp-Bridging-Header.h"; sourceTree = "<group>"; };
		A10001B8 /* Metal.framework */ = {isa = PBXFileReference; lastKnownFileType = wrapper.framework; name = Metal.framework; path = System/Library/Frameworks/Metal.framework; sourceTree = SDKROOT; };
		A10001B9 /* AVFoundation.framework */ = {isa = PBXFileReference; lastKnownFileType = wrapper.framework; name = AVFoundation.framework; path = System/Library/Frameworks/AVFoundation.framework; sourceTree = SDKROOT; };
		A10001BA /* CoreVideo.framework */ = {isa = PBXFileReference; lastKnownFileType = wrapper.framework; name = CoreVideo.framework; path = System/Library/Frameworks/CoreVideo.framework; sourceTree = SDKROOT; };
		A10001BB /* CoreMedia.framework */ = {isa = PBXFileReference; lastKnownFileType = wrapper.framework; name = CoreMedia.framework; path = System/Library/Frameworks/CoreMedia.framework; sourceTree = SDKROOT; };
		A10001BC /* Foundation.framework */ = {isa = PBXFileReference; lastKnownFileType = wrapper.framework; name = Foundation.framework; path = System/Library/Frameworks/Foundation.framework; sourceTree = SDKROOT; };
		A10001BD /* QuartzCore.framework */ = {isa = PBXFileReference; lastKnownFileType = wrapper.framework; name = QuartzCore.framework; path = System/Library/Frameworks/QuartzCore.framework; sourceTree = SDKROOT; };
		A10001BE /* libtrapjaw.a */ = {isa = PBXFileReference; lastKnownFileType = archive.ar; name = libtrapjaw.a; path = lib/iphoneos/libtrapjaw.a; sourceTree = SOURCE_ROOT; };
		A10001BF /* trapjaw.metallib */ = {isa = PBXFileReference; lastKnownFileType = "archive.metal-library"; name = trapjaw.metallib; path = lib/trapjaw.metallib; sourceTree = SOURCE_ROOT; };
		A10001D8 /* TrackNode.swift */ = {isa = PBXFileReference; lastKnownFileType = sourcecode.swift; path = TrackNode.swift; sourceTree = "<group>"; };
		A10001D9 /* StreamResolution.swift */ = {isa = PBXFileReference; lastKnownFileType = sourcecode.swift; path = StreamResolution.swift; sourceTree = "<group>"; };
		A10001DA /* InsectTelemetryPayload.swift */ = {isa = PBXFileReference; lastKnownFileType = sourcecode.swift; path = InsectTelemetryPayload.swift; sourceTree = "<group>"; };
		A10001E3 /* TrackBuffer.swift */ = {isa = PBXFileReference; lastKnownFileType = sourcecode.swift; path = TrackBuffer.swift; sourceTree = "<group>"; };
		A10001E4 /* NetworkConfig.swift */ = {isa = PBXFileReference; lastKnownFileType = sourcecode.swift; path = NetworkConfig.swift; sourceTree = "<group>"; };
		A10001E5 /* DataStreamer.swift */ = {isa = PBXFileReference; lastKnownFileType = sourcecode.swift; path = DataStreamer.swift; sourceTree = "<group>"; };
		A10001E7 /* HTTPUploader.swift */ = {isa = PBXFileReference; lastKnownFileType = sourcecode.swift; path = HTTPUploader.swift; sourceTree = "<group>"; };
/* End PBXFileReference section */

/* Begin PBXFrameworksBuildPhase section */
		A100018D /* Frameworks */ = {
			isa = PBXFrameworksBuildPhase;
			buildActionMask = 2147483647;
			files = (
				A10001C0 /* Metal.framework in Frameworks */,
				A10001C1 /* AVFoundation.framework in Frameworks */,
				A10001C2 /* CoreVideo.framework in Frameworks */,
				A10001C3 /* CoreMedia.framework in Frameworks */,
				A10001C4 /* Foundation.framework in Frameworks */,
				A10001C5 /* QuartzCore.framework in Frameworks */,
				A10001C6 /* libtrapjaw.a in Frameworks */,
			);
			runOnlyForDeploymentPostprocessing = 0;
		};
/* End PBXFrameworksBuildPhase section */

/* Begin PBXGroup section */
		A1000187 = {
			isa = PBXGroup;
			children = (
				A1000192 /* TrapjawApp */,
				A1000191 /* Products */,
				A10001B7 /* Frameworks */,
			);
			sourceTree = "<group>";
		};
		A1000191 /* Products */ = {
			isa = PBXGroup;
			children = (
				A1000190 /* TrapjawApp.app */,
			);
			name = Products;
			sourceTree = "<group>";
		};
		A1000192 /* TrapjawApp */ = {
			isa = PBXGroup;
			children = (
				A10001A0 /* TrapjawApp.swift */,
				A10001A1 /* ContentView.swift */,
				A10001A9 /* Info.plist */,
				A10001A8 /* Assets.xcassets */,
				A1000193 /* Camera */,
				A1000194 /* Processing */,
				A1000195 /* Networking */,
				A1000197 /* Models */,
				A1000196 /* Bridge */,
			);
			path = TrapjawApp;
			sourceTree = "<group>";
		};
		A1000193 /* Camera */ = {
			isa = PBXGroup;
			children = (
				A10001A2 /* CameraManager.swift */,
				A10001A3 /* CameraPreviewView.swift */,
			);
			path = Camera;
			sourceTree = "<group>";
		};
		A1000194 /* Processing */ = {
			isa = PBXGroup;
			children = (
				A10001A4 /* TrapjawBridge.swift */,
				A10001A5 /* TrapjawProcessor.swift */,
				A10001A6 /* PerformanceMetrics.swift */,
				A10001E3 /* TrackBuffer.swift */,
			);
			path = Processing;
			sourceTree = "<group>";
		};
		A1000195 /* Networking */ = {
			isa = PBXGroup;
			children = (
				A10001E4 /* NetworkConfig.swift */,
				A10001E5 /* DataStreamer.swift */,
				A10001E7 /* HTTPUploader.swift */,
			);
			path = Networking;
			sourceTree = "<group>";
		};
		A1000196 /* Bridge */ = {
			isa = PBXGroup;
			children = (
				A10001B3 /* TrapjawApp-Bridging-Header.h */,
			);
			path = Bridge;
			sourceTree = "<group>";
		};
		A1000197 /* Models */ = {
			isa = PBXGroup;
			children = (
				A10001D8 /* TrackNode.swift */,
				A10001D9 /* StreamResolution.swift */,
				A10001DA /* InsectTelemetryPayload.swift */,
			);
			path = Models;
			sourceTree = "<group>";
		};
		A10001B7 /* Frameworks */ = {
			isa = PBXGroup;
			children = (
				A10001B8 /* Metal.framework */,
				A10001B9 /* AVFoundation.framework */,
				A10001BA /* CoreVideo.framework */,
				A10001BB /* CoreMedia.framework */,
				A10001BC /* Foundation.framework */,
				A10001BD /* QuartzCore.framework */,
				A10001BE /* libtrapjaw.a */,
				A10001BF /* trapjaw.metallib */,
			);
			name = Frameworks;
			sourceTree = "<group>";
		};
/* End PBXGroup section */

/* Begin PBXNativeTarget section */
		A100018F /* TrapjawApp */ = {
			isa = PBXNativeTarget;
			buildConfigurationList = A10001D2 /* Build configuration list for PBXNativeTarget "TrapjawApp" */;
			buildPhases = (
				A100018C /* Sources */,
				A100018D /* Frameworks */,
				A100018E /* Resources */,
			);
			buildRules = (
			);
			dependencies = (
			);
			name = TrapjawApp;
			productName = TrapjawApp;
			productReference = A1000190 /* TrapjawApp.app */;
			productType = "com.apple.product-type.application";
		};
/* End PBXNativeTarget section */

/* Begin PBXProject section */
		A1000188 /* Project object */ = {
			isa = PBXProject;
			attributes = {
				BuildIndependentTargetsInParallel = 1;
				LastSwiftUpdateCheck = 1520;
				LastUpgradeCheck = 1520;
				TargetAttributes = {
					A100018F = {
						CreatedOnToolsVersion = 15.2;
					};
				};
			};
			buildConfigurationList = A100018B /* Build configuration list for PBXProject "TrapjawApp" */;
			compatibilityVersion = "Xcode 14.0";
			developmentRegion = en;
			hasScannedForEncodings = 0;
			knownRegions = (
				en,
				Base,
			);
			mainGroup = A1000187;
			productRefGroup = A1000191 /* Products */;
			projectDirPath = "";
			projectRoot = "";
			targets = (
				A100018F /* TrapjawApp */,
			);
		};
/* End PBXProject section */

/* Begin PBXResourcesBuildPhase section */
		A100018E /* Resources */ = {
			isa = PBXResourcesBuildPhase;
			buildActionMask = 2147483647;
			files = (
				A10001B2 /* Assets.xcassets in Resources */,
				A10001C7 /* trapjaw.metallib in Resources */,
			);
			runOnlyForDeploymentPostprocessing = 0;
		};
/* End PBXResourcesBuildPhase section */

/* Begin PBXSourcesBuildPhase section */
		A100018C /* Sources */ = {
			isa = PBXSourcesBuildPhase;
			buildActionMask = 2147483647;
			files = (
				A10001AA /* TrapjawApp.swift in Sources */,
				A10001AB /* ContentView.swift in Sources */,
				A10001AC /* CameraManager.swift in Sources */,
				A10001AD /* CameraPreviewView.swift in Sources */,
				A10001AE /* TrapjawBridge.swift in Sources */,
				A10001AF /* TrapjawProcessor.swift in Sources */,
				A10001B0 /* PerformanceMetrics.swift in Sources */,
				A10001D5 /* TrackNode.swift in Sources */,
				A10001D6 /* StreamResolution.swift in Sources */,
				A10001D7 /* InsectTelemetryPayload.swift in Sources */,
				A10001E0 /* TrackBuffer.swift in Sources */,
				A10001E1 /* NetworkConfig.swift in Sources */,
				A10001E2 /* DataStreamer.swift in Sources */,
				A10001E6 /* HTTPUploader.swift in Sources */,
			);
			runOnlyForDeploymentPostprocessing = 0;
		};
/* End PBXSourcesBuildPhase section */

/* Begin XCBuildConfiguration section */
		A10001D0 /* Debug */ = {
			isa = XCBuildConfiguration;
			buildSettings = {
				ALWAYS_SEARCH_USER_PATHS = NO;
				ASSETCATALOG_COMPILER_GENERATE_SWIFT_ASSET_SYMBOL_EXTENSIONS = YES;
				CLANG_ANALYZER_NONNULL = YES;
				CLANG_ANALYZER_NUMBER_OBJECT_CONVERSION = YES_AGGRESSIVE;
				CLANG_CXX_LANGUAGE_STANDARD = "gnu++20";
				CLANG_ENABLE_MODULES = YES;
				CLANG_ENABLE_OBJC_ARC = YES;
				CLANG_ENABLE_OBJC_WEAK = YES;
				CLANG_WARN_BLOCK_CAPTURE_AUTORELEASING = YES;
				CLANG_WARN_BOOL_CONVERSION = YES;
				CLANG_WARN_COMMA = YES;
				CLANG_WARN_CONSTANT_CONVERSION = YES;
				CLANG_WARN_DEPRECATED_OBJC_IMPLEMENTATIONS = YES;
				CLANG_WARN_DIRECT_OBJC_ISA_USAGE = YES_ERROR;
				CLANG_WARN_DOCUMENTATION_COMMENTS = YES;
				CLANG_WARN_EMPTY_BODY = YES;
				CLANG_WARN_ENUM_CONVERSION = YES;
				CLANG_WARN_INFINITE_RECURSION = YES;
				CLANG_WARN_INT_CONVERSION = YES;
				CLANG_WARN_NON_LITERAL_NULL_CONVERSION = YES;
				CLANG_WARN_OBJC_IMPLICIT_RETAIN_SELF = YES;
				CLANG_WARN_OBJC_LITERAL_CONVERSION = YES;
				CLANG_WARN_OBJC_ROOT_CLASS = YES_ERROR;
				CLANG_WARN_QUOTED_INCLUDE_IN_FRAMEWORK_HEADER = YES;
				CLANG_WARN_RANGE_LOOP_ANALYSIS = YES;
				CLANG_WARN_STRICT_PROTOTYPES = YES;
				CLANG_WARN_SUSPICIOUS_MOVE = YES;
				CLANG_WARN_UNGUARDED_AVAILABILITY = YES_AGGRESSIVE;
				CLANG_WARN_UNREACHABLE_CODE = YES;
				CLANG_WARN__DUPLICATE_METHOD_MATCH = YES;
				COPY_PHASE_STRIP = NO;
				DEBUG_INFORMATION_FORMAT = dwarf;
				ENABLE_STRICT_OBJC_MSGSEND = YES;
				ENABLE_TESTABILITY = YES;
				ENABLE_USER_SCRIPT_SANDBOXING = YES;
				GCC_C_LANGUAGE_STANDARD = c11;
				GCC_DYNAMIC_NO_PIC = NO;
				GCC_NO_COMMON_BLOCKS = YES;
				GCC_OPTIMIZATION_LEVEL = 0;
				GCC_PREPROCESSOR_DEFINITIONS = (
					"DEBUG=1",
					"$(inherited)",
				);
				GCC_WARN_64_TO_32_BIT_CONVERSION = YES;
				GCC_WARN_ABOUT_RETURN_TYPE = YES_ERROR;
				GCC_WARN_UNDECLARED_SELECTOR = YES;
				GCC_WARN_UNINITIALIZED_AUTOS = YES_AGGRESSIVE;
				GCC_WARN_UNUSED_FUNCTION = YES;
				GCC_WARN_UNUSED_VARIABLE = YES;
				IPHONEOS_DEPLOYMENT_TARGET = 18.0;
				MTL_ENABLE_DEBUG_INFO = INCLUDE_SOURCE;
				MTL_FAST_MATH = YES;
				ONLY_ACTIVE_ARCH = YES;
				SDKROOT = iphoneos;
				SWIFT_ACTIVE_COMPILATION_CONDITIONS = "DEBUG $(inherited)";
				SWIFT_OPTIMIZATION_LEVEL = "-Onone";
			};
			name = Debug;
		};
		A10001D1 /* Release */ = {
			isa = XCBuildConfiguration;
			buildSettings = {
				ALWAYS_SEARCH_USER_PATHS = NO;
				ASSETCATALOG_COMPILER_GENERATE_SWIFT_ASSET_SYMBOL_EXTENSIONS = YES;
				CLANG_ANALYZER_NONNULL = YES;
				CLANG_ANALYZER_NUMBER_OBJECT_CONVERSION = YES_AGGRESSIVE;
				CLANG_CXX_LANGUAGE_STANDARD = "gnu++20";
				CLANG_ENABLE_MODULES = YES;
				CLANG_ENABLE_OBJC_ARC = YES;
				CLANG_ENABLE_OBJC_WEAK = YES;
				CLANG_WARN_BLOCK_CAPTURE_AUTORELEASING = YES;
				CLANG_WARN_BOOL_CONVERSION = YES;
				CLANG_WARN_COMMA = YES;
				CLANG_WARN_CONSTANT_CONVERSION = YES;
				CLANG_WARN_DEPRECATED_OBJC_IMPLEMENTATIONS = YES;
				CLANG_WARN_DIRECT_OBJC_ISA_USAGE = YES_ERROR;
				CLANG_WARN_DOCUMENTATION_COMMENTS = YES;
				CLANG_WARN_EMPTY_BODY = YES;
				CLANG_WARN_ENUM_CONVERSION = YES;
				CLANG_WARN_INFINITE_RECURSION = YES;
				CLANG_WARN_INT_CONVERSION = YES;
				CLANG_WARN_NON_LITERAL_NULL_CONVERSION = YES;
				CLANG_WARN_OBJC_IMPLICIT_RETAIN_SELF = YES;
				CLANG_WARN_OBJC_LITERAL_CONVERSION = YES;
				CLANG_WARN_OBJC_ROOT_CLASS = YES_ERROR;
				CLANG_WARN_QUOTED_INCLUDE_IN_FRAMEWORK_HEADER = YES;
				CLANG_WARN_RANGE_LOOP_ANALYSIS = YES;
				CLANG_WARN_STRICT_PROTOTYPES = YES;
				CLANG_WARN_SUSPICIOUS_MOVE = YES;
				CLANG_WARN_UNGUARDED_AVAILABILITY = YES_AGGRESSIVE;
				CLANG_WARN_UNREACHABLE_CODE = YES;
				CLANG_WARN__DUPLICATE_METHOD_MATCH = YES;
				COPY_PHASE_STRIP = NO;
				DEBUG_INFORMATION_FORMAT = "dwarf-with-dsym";
				ENABLE_NS_ASSERTIONS = NO;
				ENABLE_STRICT_OBJC_MSGSEND = YES;
				ENABLE_USER_SCRIPT_SANDBOXING = YES;
				GCC_C_LANGUAGE_STANDARD = c11;
				GCC_NO_COMMON_BLOCKS = YES;
				GCC_WARN_64_TO_32_BIT_CONVERSION = YES;
				GCC_WARN_ABOUT_RETURN_TYPE = YES_ERROR;
				GCC_WARN_UNDECLARED_SELECTOR = YES;
				GCC_WARN_UNINITIALIZED_AUTOS = YES_AGGRESSIVE;
				GCC_WARN_UNUSED_FUNCTION = YES;
				GCC_WARN_UNUSED_VARIABLE = YES;
				IPHONEOS_DEPLOYMENT_TARGET = 18.0;
				MTL_ENABLE_DEBUG_INFO = NO;
				MTL_FAST_MATH = YES;
				SDKROOT = iphoneos;
				SWIFT_COMPILATION_MODE = wholemodule;
				VALIDATE_PRODUCT = YES;
			};
			name = Release;
		};
		A10001D3 /* Debug */ = {
			isa = XCBuildConfiguration;
			buildSettings = {
				ASSETCATALOG_COMPILER_APPICON_NAME = AppIcon;
				ASSETCATALOG_COMPILER_GLOBAL_ACCENT_COLOR_NAME = AccentColor;
				CODE_SIGN_STYLE = Automatic;
				CURRENT_PROJECT_VERSION = 1;
				DEVELOPMENT_TEAM = A35W4MM59Y;
				GENERATE_INFOPLIST_FILE = NO;
				HEADER_SEARCH_PATHS = "$(SRCROOT)/trapjaw/include";
				INFOPLIST_FILE = TrapjawApp/Info.plist;
				INFOPLIST_KEY_UIApplicationSceneManifest_Generation = YES;
				INFOPLIST_KEY_UIApplicationSupportsIndirectInputEvents = YES;
				INFOPLIST_KEY_UILaunchScreen_Generation = YES;
				INFOPLIST_KEY_UISupportedInterfaceOrientations_iPad = "UIInterfaceOrientationPortrait UIInterfaceOrientationPortraitUpsideDown UIInterfaceOrientationLandscapeLeft UIInterfaceOrientationLandscapeRight";
				INFOPLIST_KEY_UISupportedInterfaceOrientations_iPhone = "UIInterfaceOrientationPortrait UIInterfaceOrientationLandscapeLeft UIInterfaceOrientationLandscapeRight";
				LD_RUNPATH_SEARCH_PATHS = (
					"$(inherited)",
					"@executable_path/Frameworks",
				);
				LIBRARY_SEARCH_PATHS = "$(SRCROOT)/lib/iphoneos";
				MARKETING_VERSION = 1.0;
				PRODUCT_BUNDLE_IDENTIFIER = edu.mit.dot;
				PRODUCT_NAME = "$(TARGET_NAME)";
				SUPPORTED_PLATFORMS = "iphoneos iphonesimulator";
				SUPPORTS_MACCATALYST = NO;
				SWIFT_EMIT_LOC_STRINGS = YES;
				SWIFT_OBJC_BRIDGING_HEADER = "TrapjawApp/Bridge/TrapjawApp-Bridging-Header.h";
				SWIFT_VERSION = 5.0;
				TARGETED_DEVICE_FAMILY = 1;
			};
			name = Debug;
		};
		A10001D4 /* Release */ = {
			isa = XCBuildConfiguration;
			buildSettings = {
				ASSETCATALOG_COMPILER_APPICON_NAME = AppIcon;
				ASSETCATALOG_COMPILER_GLOBAL_ACCENT_COLOR_NAME = AccentColor;
				CODE_SIGN_STYLE = Automatic;
				CURRENT_PROJECT_VERSION = 1;
				DEVELOPMENT_TEAM = A35W4MM59Y;
				GENERATE_INFOPLIST_FILE = NO;
				HEADER_SEARCH_PATHS = "$(SRCROOT)/trapjaw/include";
				INFOPLIST_FILE = TrapjawApp/Info.plist;
				INFOPLIST_KEY_UIApplicationSceneManifest_Generation = YES;
				INFOPLIST_KEY_UIApplicationSupportsIndirectInputEvents = YES;
				INFOPLIST_KEY_UILaunchScreen_Generation = YES;
				INFOPLIST_KEY_UISupportedInterfaceOrientations_iPad = "UIInterfaceOrientationPortrait UIInterfaceOrientationPortraitUpsideDown UIInterfaceOrientationLandscapeLeft UIInterfaceOrientationLandscapeRight";
				INFOPLIST_KEY_UISupportedInterfaceOrientations_iPhone = "UIInterfaceOrientationPortrait UIInterfaceOrientationLandscapeLeft UIInterfaceOrientationLandscapeRight";
				LD_RUNPATH_SEARCH_PATHS = (
					"$(inherited)",
					"@executable_path/Frameworks",
				);
				LIBRARY_SEARCH_PATHS = "$(SRCROOT)/lib/iphoneos";
				MARKETING_VERSION = 1.0;
				PRODUCT_BUNDLE_IDENTIFIER = edu.mit.dot;
				PRODUCT_NAME = "$(TARGET_NAME)";
				SUPPORTED_PLATFORMS = "iphoneos iphonesimulator";
				SUPPORTS_MACCATALYST = NO;
				SWIFT_EMIT_LOC_STRINGS = YES;
				SWIFT_OBJC_BRIDGING_HEADER = "TrapjawApp/Bridge/TrapjawApp-Bridging-Header.h";
				SWIFT_VERSION = 5.0;
				TARGETED_DEVICE_FAMILY = 1;
			};
			name = Release;
		};
/* End XCBuildConfiguration section */

/* Begin XCConfigurationList section */
		A100018B /* Build configuration list for PBXProject "TrapjawApp" */ = {
			isa = XCConfigurationList;
			buildConfigurations = (
				A10001D0 /* Debug */,
				A10001D1 /* Release */,
			);
			defaultConfigurationIsVisible = 0;
			defaultConfigurationName = Release;
		};
		A10001D2 /* Build configuration list for PBXNativeTarget "TrapjawApp" */ = {
			isa = XCConfigurationList;
			buildConfigurations = (
				A10001D3 /* Debug */,
				A10001D4 /* Release */,
			);
			defaultConfigurationIsVisible = 0;
			defaultConfigurationName = Release;
		};
/* End XCConfigurationList section */
	};
	rootObject = A1000188 /* Project object */;
}
